
Microsoft Visual Studio Solution File, Format Version 12.00
# Visual Studio Version 17
VisualStudioVersion = 17.4.33213.308
MinimumVisualStudioVersion = 10.0.40219.1
Project("{FAE04EC0-301F-11D3-BF4B-00C04F79EFBC}") = "Product.Api", "ProductManagement\Product.Api.csproj", "{6668DC8C-0905-48FA-AECE-3B3D73CBF60D}"
EndProject
Project("{2150E333-8FDC-42A3-9474-1A3956D46DE8}") = "Services", "Services", "{FEDD4E1B-C7C3-41C3-94BE-E73332084CF8}"
EndProject
Project("{2150E333-8FDC-42A3-9474-1A3956D46DE8}") = "Product", "Product", "{27AF3A97-28EE-4C2A-9E4E-019F5E6DD1D2}"
EndProject
Project("{2150E333-8FDC-42A3-9474-1A3956D46DE8}") = "1 - Service", "1 - Service", "{DDDD2E19-F61F-46A9-A540-2C4191AED785}"
EndProject
Project("{2150E333-8FDC-42A3-9474-1A3956D46DE8}") = "2 - Domain", "2 - Domain", "{51C1BAFE-1ACA-4722-9679-122F1BFD3AA1}"
EndProject
Project("{2150E333-8FDC-42A3-9474-1A3956D46DE8}") = "3 - Infra", "3 - Infra", "{5483F1B3-864D-4F99-8D2E-AD265CF9DA55}"
EndProject
Project("{2150E333-8FDC-42A3-9474-1A3956D46DE8}") = "3.1-Data", "3.1-Data", "{E52B883A-B8CA-49C2-B681-2537CB970CAD}"
EndProject
Project("{FAE04EC0-301F-11D3-BF4B-00C04F79EFBC}") = "Product.Infra.Data.SqlServer", "Product.Infra.Data.SqlServer\Product.Infra.Data.SqlServer.csproj", "{3DBC06E8-6C74-4F88-AB24-12C074532F23}"
EndProject
Project("{FAE04EC0-301F-11D3-BF4B-00C04F79EFBC}") = "Product.Domain", "Product.Domain\Product.Domain.csproj", "{7D39F0F0-4DE1-4807-8AE3-506D1944453A}"
EndProject
Project("{2150E333-8FDC-42A3-9474-1A3956D46DE8}") = "3.2-CrossCutting", "3.2-CrossCutting", "{418FE9F3-B0D7-4DA1-ACD2-E76AE84E416A}"
EndProject
Project("{FAE04EC0-301F-11D3-BF4B-00C04F79EFBC}") = "Product.Infra.CrossCutting.IoC", "Product.Infra.CrossCutting.IoC\Product.Infra.CrossCutting.IoC.csproj", "{3785AA90-6FDC-4490-A31A-816DF56BFB9C}"
EndProject
Global
	GlobalSection(SolutionConfigurationPlatforms) = preSolution
		Debug|Any CPU = Debug|Any CPU
		Release|Any CPU = Release|Any CPU
	EndGlobalSection
	GlobalSection(ProjectConfigurationPlatforms) = postSolution
		{6668DC8C-0905-48FA-AECE-3B3D73CBF60D}.Debug|Any CPU.ActiveCfg = Debug|Any CPU
		{6668DC8C-0905-48FA-AECE-3B3D73CBF60D}.Debug|Any CPU.Build.0 = Debug|Any CPU
		{6668DC8C-0905-48FA-AECE-3B3D73CBF60D}.Release|Any CPU.ActiveCfg = Release|Any CPU
		{6668DC8C-0905-48FA-AECE-3B3D73CBF60D}.Release|Any CPU.Build.0 = Release|Any CPU
		{3DBC06E8-6C74-4F88-AB24-12C074532F23}.Debug|Any CPU.ActiveCfg = Debug|Any CPU
		{3DBC06E8-6C74-4F88-AB24-12C074532F23}.Debug|Any CPU.Build.0 = Debug|Any CPU
		{3DBC06E8-6C74-4F88-AB24-12C074532F23}.Release|Any CPU.ActiveCfg = Release|Any CPU
		{3DBC06E8-6C74-4F88-AB24-12C074532F23}.Release|Any CPU.Build.0 = Release|Any CPU
		{7D39F0F0-4DE1-4807-8AE3-506D1944453A}.Debug|Any CPU.ActiveCfg = Debug|Any CPU
		{7D39F0F0-4DE1-4807-8AE3-506D1944453A}.Debug|Any CPU.Build.0 = Debug|Any CPU
		{7D39F0F0-4DE1-4807-8AE3-506D1944453A}.Release|Any CPU.ActiveCfg = Release|Any CPU
		{7D39F0F0-4DE1-4807-8AE3-506D1944453A}.Release|Any CPU.Build.0 = Release|Any CPU
		{3785AA90-6FDC-4490-A31A-816DF56BFB9C}.Debug|Any CPU.ActiveCfg = Debug|Any CPU
		{3785AA90-6FDC-4490-A31A-816DF56BFB9C}.Debug|Any CPU.Build.0 = Debug|Any CPU
		{3785AA90-6FDC-4490-A31A-816DF56BFB9C}.Release|Any CPU.ActiveCfg = Release|Any CPU
		{3785AA90-6FDC-4490-A31A-816DF56BFB9C}.Release|Any CPU.Build.0 = Release|Any CPU
	EndGlobalSection
	GlobalSection(SolutionProperties) = preSolution
		HideSolutionNode = FALSE
	EndGlobalSection
	GlobalSection(NestedProjects) = preSolution
		{6668DC8C-0905-48FA-AECE-3B3D73CBF60D} = {DDDD2E19-F61F-46A9-A540-2C4191AED785}
		{27AF3A97-28EE-4C2A-9E4E-019F5E6DD1D2} = {FEDD4E1B-C7C3-41C3-94BE-E73332084CF8}
		{DDDD2E19-F61F-46A9-A540-2C4191AED785} = {27AF3A97-28EE-4C2A-9E4E-019F5E6DD1D2}
		{51C1BAFE-1ACA-4722-9679-122F1BFD3AA1} = {27AF3A97-28EE-4C2A-9E4E-019F5E6DD1D2}
		{5483F1B3-864D-4F99-8D2E-AD265CF9DA55} = {27AF3A97-28EE-4C2A-9E4E-019F5E6DD1D2}
		{E52B883A-B8CA-49C2-B681-2537CB970CAD} = {5483F1B3-864D-4F99-8D2E-AD265CF9DA55}
		{3DBC06E8-6C74-4F88-AB24-12C074532F23} = {E52B883A-B8CA-49C2-B681-2537CB970CAD}
		{7D39F0F0-4DE1-4807-8AE3-506D1944453A} = {51C1BAFE-1ACA-4722-9679-122F1BFD3AA1}
		{418FE9F3-B0D7-4DA1-ACD2-E76AE84E416A} = {5483F1B3-864D-4F99-8D2E-AD265CF9DA55}
		{3785AA90-6FDC-4490-A31A-816DF56BFB9C} = {418FE9F3-B0D7-4DA1-ACD2-E76AE84E416A}
	EndGlobalSection
	GlobalSection(ExtensibilityGlobals) = postSolution
		SolutionGuid = {0B65011A-6DAB-4777-9822-DAFC13702331}
	EndGlobalSection
EndGlobal
